<?xml version="1.0" encoding="utf-8"?>
<Project ToolsVersion="4.0" xmlns="http://schemas.microsoft.com/developer/msbuild/2003">
  <ItemGroup>
    <Filter Include="Source Files">
      <UniqueIdentifier>{4FC737F1-C7A5-4376-A066-2A32D752A2FF}</UniqueIdentifier>
      <Extensions>cpp;c;cc;cxx;def;odl;idl;hpj;bat;asm;asmx</Extensions>
    </Filter>
    <Filter Include="Resource Files">
      <UniqueIdentifier>{67DA6AB6-F800-4c08-8B7A-83BB121AAD01}</UniqueIdentifier>
      <Extensions>rc;ico;cur;bmp;dlg;rc2;rct;bin;rgs;gif;jpg;jpeg;jpe;resx;tiff;tif;png;wav;mfcribbon-ms</Extensions>
    </Filter>
  </ItemGroup>
  <ItemGroup>
    <ClCompile Include="utility\Logger.cpp">
      <Filter>Source Files</Filter>
    </ClCompile>
    <ClCompile Include="graphics\RenderingProgram.cpp">
      <Filter>Source Files</Filter>
    </ClCompile>
    <ClCompile Include="graphics\Shader.cpp">
      <Filter>Source Files</Filter>
    </ClCompile>
    <ClCompile Include="globalSingletons\GlobalStore.cpp">
      <Filter>Source Files</Filter>
    </ClCompile>
    <ClCompile Include="globalSingletons\PluginRunner.cpp">
      <Filter>Source Files</Filter>
    </ClCompile>
    <ClCompile Include="CallbackInterface.cpp">
      <Filter>Source Files</Filter>
    </ClCompile>
    <ClCompile Include="JNIWrapper\JNIWrapper.cpp">
      <Filter>Source Files</Filter>
    </ClCompile>
    <ClCompile Include="graphics\mainRenderer\CockpitRenderer.cpp">
      <Filter>Source Files</Filter>
    </ClCompile>
    <ClCompile Include="graphics\module\CockpitModule.cpp">
      <Filter>Source Files</Filter>
    </ClCompile>
    <ClCompile Include="graphics\textures\TextureStore.cpp">
      <Filter>Source Files</Filter>
    </ClCompile>
    <ClCompile Include="modules\Module.cpp">
      <Filter>Source Files</Filter>
    </ClCompile>
    <ClCompile Include="modules\ModuleHandler.cpp">
      <Filter>Source Files</Filter>
    </ClCompile>
    <ClCompile Include="commands\CommandInterface.cpp">
      <Filter>Source Files</Filter>
    </ClCompile>
    <ClCompile Include="graphics\textures\Texture.cpp">
      <Filter>Source Files</Filter>
    </ClCompile>
    <ClCompile Include="JNIWrapper\window\javaXPWindow.cpp">
      <Filter>Source Files</Filter>
    </ClCompile>
    <ClCompile Include="JNIWrapper\window\ImGUIIntegration.cpp">
      <Filter>Source Files</Filter>
    </ClCompile>
    <ClCompile Include="JNIWrapper\window\imgui_widgets.cpp">
      <Filter>Source Files</Filter>
    </ClCompile>
    <ClCompile Include="JNIWrapper\window\imgui_draw.cpp">
      <Filter>Source Files</Filter>
    </ClCompile>
    <ClCompile Include="JNIWrapper\window\imgui_demo.cpp">
      <Filter>Source Files</Filter>
    </ClCompile>
    <ClCompile Include="JNIWrapper\window\imgui.cpp">
      <Filter>Source Files</Filter>
    </ClCompile>
    <ClCompile Include="JNIWrapper\window\FloatingWindow.cpp">
      <Filter>Source Files</Filter>
    </ClCompile>
    <ClCompile Include="JNIWrapper\JNIDrefs.cpp">
      <Filter>Source Files</Filter>
    </ClCompile>
    <ClCompile Include="JNIWrapper\JNIUtils.cpp">
      <Filter>Source Files</Filter>
    </ClCompile>
    <ClCompile Include="JNIWrapper\JNIModules.cpp">
      <Filter>Source Files</Filter>
    </ClCompile>
    <ClCompile Include="JNIWrapper\JNILogging.cpp">
      <Filter>Source Files</Filter>
    </ClCompile>
    <ClCompile Include="JNIWrapper\JNICommands.cpp">
      <Filter>Source Files</Filter>
    </ClCompile>
    <ClCompile Include="Datarefs\DrefDouble.cpp">
      <Filter>Source Files</Filter>
    </ClCompile>
    <ClCompile Include="Datarefs\DrefDoubleArray.cpp">
      <Filter>Source Files</Filter>
    </ClCompile>
    <ClCompile Include="Datarefs\DrefInt.cpp">
      <Filter>Source Files</Filter>
    </ClCompile>
    <ClCompile Include="Datarefs\DrefIntArray.cpp">
      <Filter>Source Files</Filter>
    </ClCompile>
    <ClCompile Include="Datarefs\DrefString.cpp">
      <Filter>Source Files</Filter>
    </ClCompile>
    <ClCompile Include="Datarefs\Dref.cpp">
      <Filter>Source Files</Filter>
    </ClCompile>
    <ClCompile Include="Datarefs\DrefStore.cpp">
      <Filter>Source Files</Filter>
    </ClCompile>
    <ClCompile Include="Main.cpp">
      <Filter>Source Files</Filter>
    </ClCompile>
  </ItemGroup>
  <ItemGroup>
    <ClInclude Include="utility\Logger.h">
      <Filter>Source Files</Filter>
    </ClInclude>
    <ClInclude Include="graphics\RenderingProgram.h">
      <Filter>Source Files</Filter>
    </ClInclude>
    <ClInclude Include="graphics\Shader.h">
      <Filter>Source Files</Filter>
    </ClInclude>
    <ClInclude Include="globalSingletons\GlobalStore.h">
      <Filter>Source Files</Filter>
    </ClInclude>
    <ClInclude Include="globalSingletons\PluginRunner.h">
      <Filter>Source Files</Filter>
    </ClInclude>
    <ClInclude Include="CallbackInterface.h" />
    <ClInclude Include="JNIWrapper\JNIWrapper.h" />
    <ClInclude Include="JNIWrapper\JNIUtils.h" />
    <ClInclude Include="graphics\mainRenderer\CockpitRenderer.h" />
    <ClInclude Include="graphics\module\CockpitModule.h" />
    <ClInclude Include="graphics\textures\TextureStore.h" />
    <ClInclude Include="modules\Module.h" />
    <ClInclude Include="modules\ModuleHandler.h" />
    <ClInclude Include="commands\CommandInterface.h" />
    <ClInclude Include="graphics\textures\Texture.h">
      <Filter>Source Files</Filter>
    </ClInclude>
    <ClInclude Include="JNIWrapper\window\javaXPWindow.h" />
    <ClInclude Include="JNIWrapper\window\imstb_truetype.h" />
    <ClInclude Include="JNIWrapper\window\imstb_textedit.h" />
    <ClInclude Include="JNIWrapper\window\imstb_rectpack.h" />
    <ClInclude Include="JNIWrapper\window\ImGUIIntegration.h" />
    <ClInclude Include="JNIWrapper\window\imgui_internal.h" />
    <ClInclude Include="JNIWrapper\window\imgui.h" />
    <ClInclude Include="JNIWrapper\window\imconfig.h" />
    <ClInclude Include="JNIWrapper\window\FloatingWindow.h" />
    <ClInclude Include="JNIWrapper\JNIDrefs.h" />
    <ClInclude Include="JNIWrapper\JNILogging.h" />
    <ClInclude Include="JNIWrapper\JNIModules.h" />
    <ClInclude Include="JNIWrapper\JNICommands.h" />
    <ClInclude Include="Datarefs\DrefDouble.h">
      <Filter>Source Files</Filter>
    </ClInclude>
    <ClInclude Include="Datarefs\DrefDoubleArray.h" />
    <ClInclude Include="Datarefs\DrefInt.h">
      <Filter>Source Files</Filter>
    </ClInclude>
    <ClInclude Include="Datarefs\DrefIntArray.h" />
    <ClInclude Include="Datarefs\DrefString.h">
      <Filter>Source Files</Filter>
    </ClInclude>
    <ClInclude Include="Datarefs\Dref.h" />
    <ClInclude Include="Datarefs\DrefStore.h">
      <Filter>Source Files</Filter>
    </ClInclude>
  </ItemGroup>
</Project>